
Microsoft Visual Studio Solution File, Format Version 12.00
# Visual Studio Version 16
VisualStudioVersion = 16.0.31613.86
MinimumVisualStudioVersion = 10.0.40219.1
Project("{9A19103F-16F7-4668-BE54-9A1E7A4F7556}") = "adsgofast_functionapp_console", "adsgofast_functionapp_console.csproj", "{23EA1E83-A93E-4BA4-9541-E664CC357099}"
EndProject
Project("{9A19103F-16F7-4668-BE54-9A1E7A4F7556}") = "adsgofast_functionapp_lib", "..\library\adsgofast_functionapp_lib.csproj", "{A7E4BC5F-18A1-4DEA-A1FC-823F37B2B649}"
EndProject
Project("{9A19103F-16F7-4668-BE54-9A1E7A4F7556}") = "FunctionApp", "..\functionapp\FunctionApp.csproj", "{F6636DB9-6CF8-48F5-A7E4-EFB434BE28B9}"
EndProject
Project("{FAE04EC0-301F-11D3-BF4B-00C04F79EFBC}") = "adsgofast_functionapp_tests", "..\adsgofast_functionapp_tests\adsgofast_functionapp_tests.csproj", "{F14BB420-D88B-4520-AFBA-A49752502DFC}"
EndProject
Global
	GlobalSection(SolutionConfigurationPlatforms) = preSolution
		Debug|Any CPU = Debug|Any CPU
		Release|Any CPU = Release|Any CPU
	EndGlobalSection
	GlobalSection(ProjectConfigurationPlatforms) = postSolution
		{23EA1E83-A93E-4BA4-9541-E664CC357099}.Debug|Any CPU.ActiveCfg = Debug|Any CPU
		{23EA1E83-A93E-4BA4-9541-E664CC357099}.Debug|Any CPU.Build.0 = Debug|Any CPU
		{23EA1E83-A93E-4BA4-9541-E664CC357099}.Release|Any CPU.ActiveCfg = Release|Any CPU
		{23EA1E83-A93E-4BA4-9541-E664CC357099}.Release|Any CPU.Build.0 = Release|Any CPU
		{A7E4BC5F-18A1-4DEA-A1FC-823F37B2B649}.Debug|Any CPU.ActiveCfg = Debug|Any CPU
		{A7E4BC5F-18A1-4DEA-A1FC-823F37B2B649}.Debug|Any CPU.Build.0 = Debug|Any CPU
		{A7E4BC5F-18A1-4DEA-A1FC-823F37B2B649}.Release|Any CPU.ActiveCfg = Release|Any CPU
		{A7E4BC5F-18A1-4DEA-A1FC-823F37B2B649}.Release|Any CPU.Build.0 = Release|Any CPU
		{F6636DB9-6CF8-48F5-A7E4-EFB434BE28B9}.Debug|Any CPU.ActiveCfg = Debug|Any CPU
		{F6636DB9-6CF8-48F5-A7E4-EFB434BE28B9}.Debug|Any CPU.Build.0 = Debug|Any CPU
		{F6636DB9-6CF8-48F5-A7E4-EFB434BE28B9}.Release|Any CPU.ActiveCfg = Release|Any CPU
		{F6636DB9-6CF8-48F5-A7E4-EFB434BE28B9}.Release|Any CPU.Build.0 = Release|Any CPU
		{F14BB420-D88B-4520-AFBA-A49752502DFC}.Debug|Any CPU.ActiveCfg = Debug|Any CPU
		{F14BB420-D88B-4520-AFBA-A49752502DFC}.Debug|Any CPU.Build.0 = Debug|Any CPU
		{F14BB420-D88B-4520-AFBA-A49752502DFC}.Release|Any CPU.ActiveCfg = Release|Any CPU
		{F14BB420-D88B-4520-AFBA-A49752502DFC}.Release|Any CPU.Build.0 = Release|Any CPU
	EndGlobalSection
	GlobalSection(SolutionProperties) = preSolution
		HideSolutionNode = FALSE
	EndGlobalSection
	GlobalSection(ExtensibilityGlobals) = postSolution
		SolutionGuid = {5CC9A897-023F-42B0-B86C-107073BC8265}
	EndGlobalSection
EndGlobal
